<?xml version="1.0" encoding="utf-8"?>
<Project ToolsVersion="4.0" xmlns="http://schemas.microsoft.com/developer/msbuild/2003">
  <ItemGroup>
    <Filter Include="Source Files">
      <UniqueIdentifier>{4FC737F1-C7A5-4376-A066-2A32D752A2FF}</UniqueIdentifier>
      <Extensions>cpp;c;cc;cxx;c++;cppm;ixx;def;odl;idl;hpj;bat;asm;asmx</Extensions>
    </Filter>
    <Filter Include="Header Files">
      <UniqueIdentifier>{93995380-89BD-4b04-88EB-625FBE52EBFB}</UniqueIdentifier>
      <Extensions>h;hh;hpp;hxx;h++;hm;inl;inc;ipp;xsd</Extensions>
    </Filter>
    <Filter Include="Resource Files">
      <UniqueIdentifier>{67DA6AB6-F800-4c08-8B7A-83BB121AAD01}</UniqueIdentifier>
      <Extensions>rc;ico;cur;bmp;dlg;rc2;rct;bin;rgs;gif;jpg;jpeg;jpe;resx;tiff;tif;png;wav;mfcribbon-ms</Extensions>
    </Filter>
    <Filter Include="Dependencies">
      <UniqueIdentifier>{7423b446-be5c-4725-8583-fd7d7e1d8c58}</UniqueIdentifier>
    </Filter>
    <Filter Include="Shaders">
      <UniqueIdentifier>{298cd989-c101-4417-9171-a68ecfbcbbcb}</UniqueIdentifier>
    </Filter>
    <Filter Include="Dependencies\imgui">
      <UniqueIdentifier>{f904ee55-0137-4ea1-b4c8-8f2e41158782}</UniqueIdentifier>
    </Filter>
  </ItemGroup>
  <ItemGroup>
    <ClCompile Include="main.cpp">
      <Filter>Source Files</Filter>
    </ClCompile>
    <ClCompile Include="..\..\shared\GLAD\src\glad.c">
      <Filter>Dependencies</Filter>
    </ClCompile>
    <ClCompile Include="model.cpp">
      <Filter>Source Files</Filter>
    </ClCompile>
    <ClCompile Include="orbitCamera.cpp">
      <Filter>Source Files</Filter>
    </ClCompile>
    <ClCompile Include="shaderProgram.cpp">
      <Filter>Source Files</Filter>
    </ClCompile>
    <ClCompile Include="timer.cpp">
      <Filter>Source Files</Filter>
    </ClCompile>
    <ClCompile Include="pbrRenderer.h">
      <Filter>Header Files</Filter>
    </ClCompile>
    <ClCompile Include="pbrRenderer.cpp">
      <Filter>Source Files</Filter>
    </ClCompile>
    <ClCompile Include="inputHandler.cpp">
      <Filter>Source Files</Filter>
    </ClCompile>
    <ClCompile Include="characterController.cpp">
      <Filter>Source Files</Filter>
    </ClCompile>
    <ClCompile Include="..\Dependencies\imgui-docking\imgui.cpp">
      <Filter>Dependencies\imgui</Filter>
    </ClCompile>
    <ClCompile Include="..\Dependencies\imgui-docking\imgui_demo.cpp">
      <Filter>Dependencies\imgui</Filter>
    </ClCompile>
    <ClCompile Include="..\Dependencies\imgui-docking\imgui_draw.cpp">
      <Filter>Dependencies\imgui</Filter>
    </ClCompile>
    <ClCompile Include="..\Dependencies\imgui-docking\imgui_tables.cpp">
      <Filter>Dependencies\imgui</Filter>
    </ClCompile>
    <ClCompile Include="..\Dependencies\imgui-docking\imgui_widgets.cpp">
      <Filter>Dependencies\imgui</Filter>
    </ClCompile>
    <ClCompile Include="..\Dependencies\imgui-docking\misc\cpp\imgui_stdlib.cpp">
      <Filter>Dependencies\imgui</Filter>
    </ClCompile>
    <ClCompile Include="..\Dependencies\imgui-docking\backends\imgui_impl_glfw.cpp">
      <Filter>Dependencies\imgui</Filter>
    </ClCompile>
    <ClCompile Include="..\Dependencies\imgui-docking\backends\imgui_impl_opengl3.cpp">
      <Filter>Dependencies\imgui</Filter>
    </ClCompile>
    <ClCompile Include="imguiWindows.cpp">
      <Filter>Source Files</Filter>
    </ClCompile>
    <ClCompile Include="animationController.cpp">
      <Filter>Source Files</Filter>
    </ClCompile>
  </ItemGroup>
  <ItemGroup>
    <Text Include="shaders\modelView.vert.glsl">
      <Filter>Shaders</Filter>
    </Text>
    <Text Include="shaders\pbr.frag.glsl">
      <Filter>Shaders</Filter>
    </Text>
  </ItemGroup>
  <ItemGroup>
    <None Include="shaders\unlit.frag.glsl">
      <Filter>Shaders</Filter>
    </None>
    <None Include="shaders\depthShader.geom.glsl">
      <Filter>Shaders</Filter>
    </None>
    <None Include="shaders\depthShader.frag.glsl">
      <Filter>Shaders</Filter>
    </None>
    <None Include="shaders\model.vert.glsl">
      <Filter>Shaders</Filter>
    </None>
    <None Include="shaders\vertex_shared.glsl">
      <Filter>Shaders</Filter>
    </None>
    <None Include="shaders\screenQuad.vert.glsl">
      <Filter>Shaders</Filter>
    </None>
    <None Include="shaders\gBuffer.frag.glsl">
      <Filter>Shaders</Filter>
    </None>
    <None Include="shaders\fragment_shared.glsl">
      <Filter>Shaders</Filter>
    </None>
    <None Include="shaders\pbr_functions.glsl">
      <Filter>Shaders</Filter>
    </None>
    <None Include="shaders\deferredShader.frag.glsl">
      <Filter>Shaders</Filter>
    </None>
    <None Include="shaders\instancedModelView.vert.glsl">
      <Filter>Shaders</Filter>
    </None>
    <None Include="shaders\hdr.frag.glsl">
      <Filter>Shaders</Filter>
    </None>
    <None Include="..\Dependencies\imgui-docking\misc\debuggers\imgui.natstepfilter">
      <Filter>Dependencies\imgui</Filter>
    </None>
    <None Include="shaders\backgroundCube.vert.glsl">
      <Filter>Shaders</Filter>
    </None>
    <None Include="shaders\buildCubemap.frag.glsl">
      <Filter>Shaders</Filter>
    </None>
    <None Include="shaders\cubemapShader.geom.glsl">
      <Filter>Shaders</Filter>
    </None>
  </ItemGroup>
  <ItemGroup>
    <ClInclude Include="model.h">
      <Filter>Header Files</Filter>
    </ClInclude>
    <ClInclude Include="orbitCamera.h">
      <Filter>Header Files</Filter>
    </ClInclude>
    <ClInclude Include="shaderProgram.h">
      <Filter>Header Files</Filter>
    </ClInclude>
    <ClInclude Include="timer.h">
      <Filter>Header Files</Filter>
    </ClInclude>
    <ClInclude Include="camera.h">
      <Filter>Header Files</Filter>
    </ClInclude>
    <ClInclude Include="scene.h">
      <Filter>Header Files</Filter>
    </ClInclude>
    <ClInclude Include="inputHandler.h">
      <Filter>Header Files</Filter>
    </ClInclude>
    <ClInclude Include="characterController.h">
      <Filter>Header Files</Filter>
    </ClInclude>
    <ClInclude Include="..\Dependencies\imgui-docking\imconfig.h">
      <Filter>Dependencies\imgui</Filter>
    </ClInclude>
    <ClInclude Include="..\Dependencies\imgui-docking\imgui.h">
      <Filter>Dependencies\imgui</Filter>
    </ClInclude>
    <ClInclude Include="..\Dependencies\imgui-docking\imgui_internal.h">
      <Filter>Dependencies\imgui</Filter>
    </ClInclude>
    <ClInclude Include="..\Dependencies\imgui-docking\imstb_rectpack.h">
      <Filter>Dependencies\imgui</Filter>
    </ClInclude>
    <ClInclude Include="..\Dependencies\imgui-docking\imstb_textedit.h">
      <Filter>Dependencies\imgui</Filter>
    </ClInclude>
    <ClInclude Include="..\Dependencies\imgui-docking\imstb_truetype.h">
      <Filter>Dependencies\imgui</Filter>
    </ClInclude>
    <ClInclude Include="..\Dependencies\imgui-docking\misc\cpp\imgui_stdlib.h">
      <Filter>Dependencies\imgui</Filter>
    </ClInclude>
    <ClInclude Include="..\Dependencies\imgui-docking\backends\imgui_impl_glfw.h">
      <Filter>Dependencies\imgui</Filter>
    </ClInclude>
    <ClInclude Include="..\Dependencies\imgui-docking\backends\imgui_impl_opengl3.h">
      <Filter>Dependencies\imgui</Filter>
    </ClInclude>
    <ClInclude Include="..\Dependencies\imgui-docking\backends\imgui_impl_opengl3_loader.h">
      <Filter>Dependencies\imgui</Filter>
    </ClInclude>
    <ClInclude Include="imguiWindows.h">
      <Filter>Header Files</Filter>
    </ClInclude>
    <ClInclude Include="animationController.h">
      <Filter>Header Files</Filter>
    </ClInclude>
    <ClInclude Include="transform.h">
      <Filter>Header Files</Filter>
    </ClInclude>
  </ItemGroup>
  <ItemGroup>
    <Natvis Include="..\Dependencies\imgui-docking\misc\debuggers\imgui.natvis">
      <Filter>Dependencies\imgui</Filter>
    </Natvis>
  </ItemGroup>
</Project>